
Microsoft Visual Studio Solution File, Format Version 11.00
# Visual Studio 2010
Project("{FAE04EC0-301F-11D3-BF4B-00C04F79EFBC}") = "WLMP.Library", "WLMP.Library\WLMP.Library.csproj", "{47E0F8F6-56BF-4EEC-BFFD-1863AA430E2D}"
EndProject
Project("{FAE04EC0-301F-11D3-BF4B-00C04F79EFBC}") = "WLMP.Library.Tests", "WLMP.Library.Tests\WLMP.Library.Tests.csproj", "{EC6C21B8-EAE0-4866-A07A-FEC17ACE8C74}"
EndProject
Global
	GlobalSection(SolutionConfigurationPlatforms) = preSolution
		Debug|Any CPU = Debug|Any CPU
		Release|Any CPU = Release|Any CPU
	EndGlobalSection
	GlobalSection(ProjectConfigurationPlatforms) = postSolution
		{47E0F8F6-56BF-4EEC-BFFD-1863AA430E2D}.Debug|Any CPU.ActiveCfg = Debug|Any CPU
		{47E0F8F6-56BF-4EEC-BFFD-1863AA430E2D}.Debug|Any CPU.Build.0 = Debug|Any CPU
		{47E0F8F6-56BF-4EEC-BFFD-1863AA430E2D}.Release|Any CPU.ActiveCfg = Release|Any CPU
		{47E0F8F6-56BF-4EEC-BFFD-1863AA430E2D}.Release|Any CPU.Build.0 = Release|Any CPU
		{EC6C21B8-EAE0-4866-A07A-FEC17ACE8C74}.Debug|Any CPU.ActiveCfg = Debug|Any CPU
		{EC6C21B8-EAE0-4866-A07A-FEC17ACE8C74}.Debug|Any CPU.Build.0 = Debug|Any CPU
		{EC6C21B8-EAE0-4866-A07A-FEC17ACE8C74}.Release|Any CPU.ActiveCfg = Release|Any CPU
		{EC6C21B8-EAE0-4866-A07A-FEC17ACE8C74}.Release|Any CPU.Build.0 = Release|Any CPU
	EndGlobalSection
	GlobalSection(SolutionProperties) = preSolution
		HideSolutionNode = FALSE
	EndGlobalSection
EndGlobal
